
Microsoft Visual Studio Solution File, Format Version 12.00
# Visual Studio 15
VisualStudioVersion = 15.0.28307.960
MinimumVisualStudioVersion = 10.0.40219.1
Project("{00D1A9C2-B5F0-4AF3-8072-F6C62B433612}") = "ToDo_SSDT", "ToDo_SSDT\ToDo_SSDT.sqlproj", "{2EC8BC0C-2981-47FF-A63E-D3ECB086373B}"
EndProject
Project("{FAE04EC0-301F-11D3-BF4B-00C04F79EFBC}") = "ToDo_DAL", "ToDo_DAL\ToDo_DAL.csproj", "{6E0EA520-7437-4FFE-A40A-53C48D8C381B}"
EndProject
Global
	GlobalSection(SolutionConfigurationPlatforms) = preSolution
		Debug|Any CPU = Debug|Any CPU
		Release|Any CPU = Release|Any CPU
	EndGlobalSection
	GlobalSection(ProjectConfigurationPlatforms) = postSolution
		{2EC8BC0C-2981-47FF-A63E-D3ECB086373B}.Debug|Any CPU.ActiveCfg = Debug|Any CPU
		{2EC8BC0C-2981-47FF-A63E-D3ECB086373B}.Debug|Any CPU.Build.0 = Debug|Any CPU
		{2EC8BC0C-2981-47FF-A63E-D3ECB086373B}.Debug|Any CPU.Deploy.0 = Debug|Any CPU
		{2EC8BC0C-2981-47FF-A63E-D3ECB086373B}.Release|Any CPU.ActiveCfg = Release|Any CPU
		{2EC8BC0C-2981-47FF-A63E-D3ECB086373B}.Release|Any CPU.Build.0 = Release|Any CPU
		{2EC8BC0C-2981-47FF-A63E-D3ECB086373B}.Release|Any CPU.Deploy.0 = Release|Any CPU
		{6E0EA520-7437-4FFE-A40A-53C48D8C381B}.Debug|Any CPU.ActiveCfg = Debug|Any CPU
		{6E0EA520-7437-4FFE-A40A-53C48D8C381B}.Debug|Any CPU.Build.0 = Debug|Any CPU
		{6E0EA520-7437-4FFE-A40A-53C48D8C381B}.Release|Any CPU.ActiveCfg = Release|Any CPU
		{6E0EA520-7437-4FFE-A40A-53C48D8C381B}.Release|Any CPU.Build.0 = Release|Any CPU
	EndGlobalSection
	GlobalSection(SolutionProperties) = preSolution
		HideSolutionNode = FALSE
	EndGlobalSection
	GlobalSection(ExtensibilityGlobals) = postSolution
		SolutionGuid = {E1A2FFD8-9CB6-4463-8688-3D81FB62DB36}
	EndGlobalSection
EndGlobal
